
Microsoft Visual Studio Solution File, Format Version 12.00
# Visual Studio Version 17
VisualStudioVersion = 17.7.34024.191
MinimumVisualStudioVersion = 10.0.40219.1
Project("{FAE04EC0-301F-11D3-BF4B-00C04F79EFBC}") = "GymMembershipProject", "GymMembershipProject\GymMembershipProject.csproj", "{F867D9F6-0160-4292-A8A4-1133707E41CC}"
EndProject
Global
	GlobalSection(SolutionConfigurationPlatforms) = preSolution
		Debug|Any CPU = Debug|Any CPU
		Release|Any CPU = Release|Any CPU
	EndGlobalSection
	GlobalSection(ProjectConfigurationPlatforms) = postSolution
		{F867D9F6-0160-4292-A8A4-1133707E41CC}.Debug|Any CPU.ActiveCfg = Debug|Any CPU
		{F867D9F6-0160-4292-A8A4-1133707E41CC}.Debug|Any CPU.Build.0 = Debug|Any CPU
		{F867D9F6-0160-4292-A8A4-1133707E41CC}.Release|Any CPU.ActiveCfg = Release|Any CPU
		{F867D9F6-0160-4292-A8A4-1133707E41CC}.Release|Any CPU.Build.0 = Release|Any CPU
	EndGlobalSection
	GlobalSection(SolutionProperties) = preSolution
		HideSolutionNode = FALSE
	EndGlobalSection
	GlobalSection(ExtensibilityGlobals) = postSolution
		SolutionGuid = {E46DA54E-6D06-464E-87A8-8507BA02C07B}
	EndGlobalSection
EndGlobal
